// !$*UTF8*$!
{
	archiveVersion = 1;
	classes = {
	};
	objectVersion = 46;
	objects = {

/* Begin PBXBuildFile section */
		9EF33AF71E0BF1BB004864C1 /* AppDelegate.swift in Sources */ = {isa = PBXBuildFile; fileRef = 9EF33AF61E0BF1BB004864C1 /* AppDelegate.swift */; };
		9EF33AF91E0BF1BB004864C1 /* ViewController.swift in Sources */ = {isa = PBXBuildFile; fileRef = 9EF33AF81E0BF1BB004864C1 /* ViewController.swift */; };
		9EF33AFC1E0BF1BB004864C1 /* Main.storyboard in Resources */ = {isa = PBXBuildFile; fileRef = 9EF33AFA1E0BF1BB004864C1 /* Main.storyboard */; };
		9EF33AFE1E0BF1BB004864C1 /* Assets.xcassets in Resources */ = {isa = PBXBuildFile; fileRef = 9EF33AFD1E0BF1BB004864C1 /* Assets.xcassets */; };
		9EF33B011E0BF1BB004864C1 /* LaunchScreen.storyboard in Resources */ = {isa = PBXBuildFile; fileRef = 9EF33AFF1E0BF1BB004864C1 /* LaunchScreen.storyboard */; };
		9EF33B0C1E0BF1BB004864C1 /* Matala3Tests.swift in Sources */ = {isa = PBXBuildFile; fileRef = 9EF33B0B1E0BF1BB004864C1 /* Matala3Tests.swift */; };
		9EF33B171E0C039E004864C1 /* StudentsTableViewController.swift in Sources */ = {isa = PBXBuildFile; fileRef = 9EF33B161E0C039E004864C1 /* StudentsTableViewController.swift */; };
		9EF33B191E0C1574004864C1 /* StudentTableViewCell.swift in Sources */ = {isa = PBXBuildFile; fileRef = 9EF33B181E0C1574004864C1 /* StudentTableViewCell.swift */; };
		9EF33B1B1E0C2336004864C1 /* StudentDetailsViewController.swift in Sources */ = {isa = PBXBuildFile; fileRef = 9EF33B1A1E0C2336004864C1 /* StudentDetailsViewController.swift */; };
		9EF33B201E0C2D1A004864C1 /* MasterStudent.swift in Sources */ = {isa = PBXBuildFile; fileRef = 9EF33B1C1E0C2D1A004864C1 /* MasterStudent.swift */; };
		9EF33B211E0C2D1A004864C1 /* PhdStudent.swift in Sources */ = {isa = PBXBuildFile; fileRef = 9EF33B1D1E0C2D1A004864C1 /* PhdStudent.swift */; };
		9EF33B221E0C2D1A004864C1 /* Student.swift in Sources */ = {isa = PBXBuildFile; fileRef = 9EF33B1E1E0C2D1A004864C1 /* Student.swift */; };
		9EF33B231E0C2D1A004864C1 /* StudentDataBase.swift in Sources */ = {isa = PBXBuildFile; fileRef = 9EF33B1F1E0C2D1A004864C1 /* StudentDataBase.swift */; };
/* End PBXBuildFile section */

/* Begin PBXContainerItemProxy section */
		9EF33B081E0BF1BB004864C1 /* PBXContainerItemProxy */ = {
			isa = PBXContainerItemProxy;
			containerPortal = 9EF33AEB1E0BF1BB004864C1 /* Project object */;
			proxyType = 1;
			remoteGlobalIDString = 9EF33AF21E0BF1BB004864C1;
			remoteInfo = Matala3;
		};
/* End PBXContainerItemProxy section */

/* Begin PBXFileReference section */
		9EF33AF31E0BF1BB004864C1 /* Matala3.app */ = {isa = PBXFileReference; explicitFileType = wrapper.application; includeInIndex = 0; path = Matala3.app; sourceTree = BUILT_PRODUCTS_DIR; };
		9EF33AF61E0BF1BB004864C1 /* AppDelegate.swift */ = {isa = PBXFileReference; lastKnownFileType = sourcecode.swift; path = AppDelegate.swift; sourceTree = "<group>"; };
		9EF33AF81E0BF1BB004864C1 /* ViewController.swift */ = {isa = PBXFileReference; lastKnownFileType = sourcecode.swift; path = ViewController.swift; sourceTree = "<group>"; };
		9EF33AFB1E0BF1BB004864C1 /* Base */ = {isa = PBXFileReference; lastKnownFileType = file.storyboard; name = Base; path = Base.lproj/Main.storyboard; sourceTree = "<group>"; };
		9EF33AFD1E0BF1BB004864C1 /* Assets.xcassets */ = {isa = PBXFileReference; lastKnownFileType = folder.assetcatalog; path = Assets.xcassets; sourceTree = "<group>"; };
		9EF33B001E0BF1BB004864C1 /* Base */ = {isa = PBXFileReference; lastKnownFileType = file.storyboard; name = Base; path = Base.lproj/LaunchScreen.storyboard; sourceTree = "<group>"; };
		9EF33B021E0BF1BB004864C1 /* Info.plist */ = {isa = PBXFileReference; lastKnownFileType = text.plist.xml; path = Info.plist; sourceTree = "<group>"; };
		9EF33B071E0BF1BB004864C1 /* Matala3Tests.xctest */ = {isa = PBXFileReference; explicitFileType = wrapper.cfbundle; includeInIndex = 0; path = Matala3Tests.xctest; sourceTree = BUILT_PRODUCTS_DIR; };
		9EF33B0B1E0BF1BB004864C1 /* Matala3Tests.swift */ = {isa = PBXFileReference; lastKnownFileType = sourcecode.swift; path = Matala3Tests.swift; sourceTree = "<group>"; };
		9EF33B0D1E0BF1BB004864C1 /* Info.plist */ = {isa = PBXFileReference; lastKnownFileType = text.plist.xml; path = Info.plist; sourceTree = "<group>"; };
		9EF33B161E0C039E004864C1 /* StudentsTableViewController.swift */ = {isa = PBXFileReference; fileEncoding = 4; lastKnownFileType = sourcecode.swift; path = StudentsTableViewController.swift; sourceTree = "<group>"; };
		9EF33B181E0C1574004864C1 /* StudentTableViewCell.swift */ = {isa = PBXFileReference; fileEncoding = 4; lastKnownFileType = sourcecode.swift; path = StudentTableViewCell.swift; sourceTree = "<group>"; };
		9EF33B1A1E0C2336004864C1 /* StudentDetailsViewController.swift */ = {isa = PBXFileReference; fileEncoding = 4; lastKnownFileType = sourcecode.swift; path = StudentDetailsViewController.swift; sourceTree = "<group>"; };
		9EF33B1C1E0C2D1A004864C1 /* MasterStudent.swift */ = {isa = PBXFileReference; fileEncoding = 4; lastKnownFileType = sourcecode.swift; path = MasterStudent.swift; sourceTree = "<group>"; };
		9EF33B1D1E0C2D1A004864C1 /* PhdStudent.swift */ = {isa = PBXFileReference; fileEncoding = 4; lastKnownFileType = sourcecode.swift; path = PhdStudent.swift; sourceTree = "<group>"; };
		9EF33B1E1E0C2D1A004864C1 /* Student.swift */ = {isa = PBXFileReference; fileEncoding = 4; lastKnownFileType = sourcecode.swift; path = Student.swift; sourceTree = "<group>"; };
		9EF33B1F1E0C2D1A004864C1 /* StudentDataBase.swift */ = {isa = PBXFileReference; fileEncoding = 4; lastKnownFileType = sourcecode.swift; path = StudentDataBase.swift; sourceTree = "<group>"; };
/* End PBXFileReference section */

/* Begin PBXFrameworksBuildPhase section */
		9EF33AF01E0BF1BB004864C1 /* Frameworks */ = {
			isa = PBXFrameworksBuildPhase;
			buildActionMask = 2147483647;
			files = (
			);
			runOnlyForDeploymentPostprocessing = 0;
		};
		9EF33B041E0BF1BB004864C1 /* Frameworks */ = {
			isa = PBXFrameworksBuildPhase;
			buildActionMask = 2147483647;
			files = (
			);
			runOnlyForDeploymentPostprocessing = 0;
		};
/* End PBXFrameworksBuildPhase section */

/* Begin PBXGroup section */
		9EF33AEA1E0BF1BB004864C1 = {
			isa = PBXGroup;
			children = (
				9EF33AF51E0BF1BB004864C1 /* Matala3 */,
				9EF33B0A1E0BF1BB004864C1 /* Matala3Tests */,
				9EF33AF41E0BF1BB004864C1 /* Products */,
			);
			sourceTree = "<group>";
		};
		9EF33AF41E0BF1BB004864C1 /* Products */ = {
			isa = PBXGroup;
			children = (
				9EF33AF31E0BF1BB004864C1 /* Matala3.app */,
				9EF33B071E0BF1BB004864C1 /* Matala3Tests.xctest */,
			);
			name = Products;
			sourceTree = "<group>";
		};
		9EF33AF51E0BF1BB004864C1 /* Matala3 */ = {
			isa = PBXGroup;
			children = (
				9EF33B1C1E0C2D1A004864C1 /* MasterStudent.swift */,
				9EF33B1D1E0C2D1A004864C1 /* PhdStudent.swift */,
				9EF33B1E1E0C2D1A004864C1 /* Student.swift */,
				9EF33B1F1E0C2D1A004864C1 /* StudentDataBase.swift */,
				9EF33AF61E0BF1BB004864C1 /* AppDelegate.swift */,
				9EF33AF81E0BF1BB004864C1 /* ViewController.swift */,
				9EF33AFA1E0BF1BB004864C1 /* Main.storyboard */,
				9EF33AFD1E0BF1BB004864C1 /* Assets.xcassets */,
				9EF33AFF1E0BF1BB004864C1 /* LaunchScreen.storyboard */,
				9EF33B021E0BF1BB004864C1 /* Info.plist */,
				9EF33B161E0C039E004864C1 /* StudentsTableViewController.swift */,
				9EF33B181E0C1574004864C1 /* StudentTableViewCell.swift */,
				9EF33B1A1E0C2336004864C1 /* StudentDetailsViewController.swift */,
			);
			path = Matala3;
			sourceTree = "<group>";
		};
		9EF33B0A1E0BF1BB004864C1 /* Matala3Tests */ = {
			isa = PBXGroup;
			children = (
				9EF33B0B1E0BF1BB004864C1 /* Matala3Tests.swift */,
				9EF33B0D1E0BF1BB004864C1 /* Info.plist */,
			);
			path = Matala3Tests;
			sourceTree = "<group>";
		};
/* End PBXGroup section */

/* Begin PBXNativeTarget section */
		9EF33AF21E0BF1BB004864C1 /* Matala3 */ = {
			isa = PBXNativeTarget;
			buildConfigurationList = 9EF33B101E0BF1BB004864C1 /* Build configuration list for PBXNativeTarget "Matala3" */;
			buildPhases = (
				9EF33AEF1E0BF1BB004864C1 /* Sources */,
				9EF33AF01E0BF1BB004864C1 /* Frameworks */,
				9EF33AF11E0BF1BB004864C1 /* Resources */,
			);
			buildRules = (
			);
			dependencies = (
			);
			name = Matala3;
			productName = Matala3;
			productReference = 9EF33AF31E0BF1BB004864C1 /* Matala3.app */;
			productType = "com.apple.product-type.application";
		};
		9EF33B061E0BF1BB004864C1 /* Matala3Tests */ = {
			isa = PBXNativeTarget;
			buildConfigurationList = 9EF33B131E0BF1BB004864C1 /* Build configuration list for PBXNativeTarget "Matala3Tests" */;
			buildPhases = (
				9EF33B031E0BF1BB004864C1 /* Sources */,
				9EF33B041E0BF1BB004864C1 /* Frameworks */,
				9EF33B051E0BF1BB004864C1 /* Resources */,
			);
			buildRules = (
			);
			dependencies = (
				9EF33B091E0BF1BB004864C1 /* PBXTargetDependency */,
			);
			name = Matala3Tests;
			productName = Matala3Tests;
			productReference = 9EF33B071E0BF1BB004864C1 /* Matala3Tests.xctest */;
			productType = "com.apple.product-type.bundle.unit-test";
		};
/* End PBXNativeTarget section */

/* Begin PBXProject section */
		9EF33AEB1E0BF1BB004864C1 /* Project object */ = {
			isa = PBXProject;
			attributes = {
				LastSwiftUpdateCheck = 0820;
				LastUpgradeCheck = 0820;
				ORGANIZATIONNAME = "Liran Avishay";
				TargetAttributes = {
					9EF33AF21E0BF1BB004864C1 = {
						CreatedOnToolsVersion = 8.2;
						ProvisioningStyle = Automatic;
					};
					9EF33B061E0BF1BB004864C1 = {
						CreatedOnToolsVersion = 8.2;
						ProvisioningStyle = Automatic;
						TestTargetID = 9EF33AF21E0BF1BB004864C1;
					};
				};
			};
			buildConfigurationList = 9EF33AEE1E0BF1BB004864C1 /* Build configuration list for PBXProject "Matala3" */;
			compatibilityVersion = "Xcode 3.2";
			developmentRegion = English;
			hasScannedForEncodings = 0;
			knownRegions = (
				en,
				Base,
			);
			mainGroup = 9EF33AEA1E0BF1BB004864C1;
			productRefGroup = 9EF33AF41E0BF1BB004864C1 /* Products */;
			projectDirPath = "";
			projectRoot = "";
			targets = (
				9EF33AF21E0BF1BB004864C1 /* Matala3 */,
				9EF33B061E0BF1BB004864C1 /* Matala3Tests */,
			);
		};
/* End PBXProject section */

/* Begin PBXResourcesBuildPhase section */
		9EF33AF11E0BF1BB004864C1 /* Resources */ = {
			isa = PBXResourcesBuildPhase;
			buildActionMask = 2147483647;
			files = (
				9EF33B011E0BF1BB004864C1 /* LaunchScreen.storyboard in Resources */,
				9EF33AFE1E0BF1BB004864C1 /* Assets.xcassets in Resources */,
				9EF33AFC1E0BF1BB004864C1 /* Main.storyboard in Resources */,
			);
			runOnlyForDeploymentPostprocessing = 0;
		};
		9EF33B051E0BF1BB004864C1 /* Resources */ = {
			isa = PBXResourcesBuildPhase;
			buildActionMask = 2147483647;
			files = (
			);
			runOnlyForDeploymentPostprocessing = 0;
		};
/* End PBXResourcesBuildPhase section */

/* Begin PBXSourcesBuildPhase section */
		9EF33AEF1E0BF1BB004864C1 /* Sources */ = {
			isa = PBXSourcesBuildPhase;
			buildActionMask = 2147483647;
			files = (
				9EF33B171E0C039E004864C1 /* StudentsTableViewController.swift in Sources */,
				9EF33AF91E0BF1BB004864C1 /* ViewController.swift in Sources */,
				9EF33B1B1E0C2336004864C1 /* StudentDetailsViewController.swift in Sources */,
				9EF33B201E0C2D1A004864C1 /* MasterStudent.swift in Sources */,
				9EF33AF71E0BF1BB004864C1 /* AppDelegate.swift in Sources */,
				9EF33B211E0C2D1A004864C1 /* PhdStudent.swift in Sources */,
				9EF33B191E0C1574004864C1 /* StudentTableViewCell.swift in Sources */,
				9EF33B231E0C2D1A004864C1 /* StudentDataBase.swift in Sources */,
				9EF33B221E0C2D1A004864C1 /* Student.swift in Sources */,
			);
			runOnlyForDeploymentPostprocessing = 0;
		};
		9EF33B031E0BF1BB004864C1 /* Sources */ = {
			isa = PBXSourcesBuildPhase;
			buildActionMask = 2147483647;
			files = (
				9EF33B0C1E0BF1BB004864C1 /* Matala3Tests.swift in Sources */,
			);
			runOnlyForDeploymentPostprocessing = 0;
		};
/* End PBXSourcesBuildPhase section */

/* Begin PBXTargetDependency section */
		9EF33B091E0BF1BB004864C1 /* PBXTargetDependency */ = {
			isa = PBXTargetDependency;
			target = 9EF33AF21E0BF1BB004864C1 /* Matala3 */;
			targetProxy = 9EF33B081E0BF1BB004864C1 /* PBXContainerItemProxy */;
		};
/* End PBXTargetDependency section */

/* Begin PBXVariantGroup section */
		9EF33AFA1E0BF1BB004864C1 /* Main.storyboard */ = {
			isa = PBXVariantGroup;
			children = (
				9EF33AFB1E0BF1BB004864C1 /* Base */,
			);
			name = Main.storyboard;
			sourceTree = "<group>";
		};
		9EF33AFF1E0BF1BB004864C1 /* LaunchScreen.storyboard */ = {
			isa = PBXVariantGroup;
			children = (
				9EF33B001E0BF1BB004864C1 /* Base */,
			);
			name = LaunchScreen.storyboard;
			sourceTree = "<group>";
		};
/* End PBXVariantGroup section */

/* Begin XCBuildConfiguration section */
		9EF33B0E1E0BF1BB004864C1 /* Debug */ = {
			isa = XCBuildConfiguration;
			buildSettings = {
				ALWAYS_SEARCH_USER_PATHS = NO;
				CLANG_ANALYZER_NONNULL = YES;
				CLANG_CXX_LANGUAGE_STANDARD = "gnu++0x";
				CLANG_CXX_LIBRARY = "libc++";
				CLANG_ENABLE_MODULES = YES;
				CLANG_ENABLE_OBJC_ARC = YES;
				CLANG_WARN_BOOL_CONVERSION = YES;
				CLANG_WARN_CONSTANT_CONVERSION = YES;
				CLANG_WARN_DIRECT_OBJC_ISA_USAGE = YES_ERROR;
				CLANG_WARN_DOCUMENTATION_COMMENTS = YES;
				CLANG_WARN_EMPTY_BODY = YES;
				CLANG_WARN_ENUM_CONVERSION = YES;
				CLANG_WARN_INFINITE_RECURSION = YES;
				CLANG_WARN_INT_CONVERSION = YES;
				CLANG_WARN_OBJC_ROOT_CLASS = YES_ERROR;
				CLANG_WARN_SUSPICIOUS_MOVE = YES;
				CLANG_WARN_UNREACHABLE_CODE = YES;
				CLANG_WARN__DUPLICATE_METHOD_MATCH = YES;
				"CODE_SIGN_IDENTITY[sdk=iphoneos*]" = "iPhone Developer";
				COPY_PHASE_STRIP = NO;
				DEBUG_INFORMATION_FORMAT = dwarf;
				ENABLE_STRICT_OBJC_MSGSEND = YES;
				ENABLE_TESTABILITY = YES;
				GCC_C_LANGUAGE_STANDARD = gnu99;
				GCC_DYNAMIC_NO_PIC = NO;
				GCC_NO_COMMON_BLOCKS = YES;
				GCC_OPTIMIZATION_LEVEL = 0;
				GCC_PREPROCESSOR_DEFINITIONS = (
					"DEBUG=1",
					"$(inherited)",
				);
				GCC_WARN_64_TO_32_BIT_CONVERSION = YES;
				GCC_WARN_ABOUT_RETURN_TYPE = YES_ERROR;
				GCC_WARN_UNDECLARED_SELECTOR = YES;
				GCC_WARN_UNINITIALIZED_AUTOS = YES_AGGRESSIVE;
				GCC_WARN_UNUSED_FUNCTION = YES;
				GCC_WARN_UNUSED_VARIABLE = YES;
				IPHONEOS_DEPLOYMENT_TARGET = 10.2;
				MTL_ENABLE_DEBUG_INFO = YES;
				ONLY_ACTIVE_ARCH = YES;
				SDKROOT = iphoneos;
				SWIFT_ACTIVE_COMPILATION_CONDITIONS = DEBUG;
				SWIFT_OPTIMIZATION_LEVEL = "-Onone";
				TARGETED_DEVICE_FAMILY = "1,2";
			};
			name = Debug;
		};
		9EF33B0F1E0BF1BB004864C1 /* Release */ = {
			isa = XCBuildConfiguration;
			buildSettings = {
				ALWAYS_SEARCH_USER_PATHS = NO;
				CLANG_ANALYZER_NONNULL = YES;
				CLANG_CXX_LANGUAGE_STANDARD = "gnu++0x";
				CLANG_CXX_LIBRARY = "libc++";
				CLANG_ENABLE_MODULES = YES;
				CLANG_ENABLE_OBJC_ARC = YES;
				CLANG_WARN_BOOL_CONVERSION = YES;
				CLANG_WARN_CONSTANT_CONVERSION = YES;
				CLANG_WARN_DIRECT_OBJC_ISA_USAGE = YES_ERROR;
				CLANG_WARN_DOCUMENTATION_COMMENTS = YES;
				CLANG_WARN_EMPTY_BODY = YES;
				CLANG_WARN_ENUM_CONVERSION = YES;
				CLANG_WARN_INFINITE_RECURSION = YES;
				CLANG_WARN_INT_CONVERSION = YES;
				CLANG_WARN_OBJC_ROOT_CLASS = YES_ERROR;
				CLANG_WARN_SUSPICIOUS_MOVE = YES;
				CLANG_WARN_UNREACHABLE_CODE = YES;
				CLANG_WARN__DUPLICATE_METHOD_MATCH = YES;
				"CODE_SIGN_IDENTITY[sdk=iphoneos*]" = "iPhone Developer";
				COPY_PHASE_STRIP = NO;
				DEBUG_INFORMATION_FORMAT = "dwarf-with-dsym";
				ENABLE_NS_ASSERTIONS = NO;
				ENABLE_STRICT_OBJC_MSGSEND = YES;
				GCC_C_LANGUAGE_STANDARD = gnu99;
				GCC_NO_COMMON_BLOCKS = YES;
				GCC_WARN_64_TO_32_BIT_CONVERSION = YES;
				GCC_WARN_ABOUT_RETURN_TYPE = YES_ERROR;
				GCC_WARN_UNDECLARED_SELECTOR = YES;
				GCC_WARN_UNINITIALIZED_AUTOS = YES_AGGRESSIVE;
				GCC_WARN_UNUSED_FUNCTION = YES;
				GCC_WARN_UNUSED_VARIABLE = YES;
				IPHONEOS_DEPLOYMENT_TARGET = 10.2;
				MTL_ENABLE_DEBUG_INFO = NO;
				SDKROOT = iphoneos;
				SWIFT_OPTIMIZATION_LEVEL = "-Owholemodule";
				TARGETED_DEVICE_FAMILY = "1,2";
				VALIDATE_PRODUCT = YES;
			};
			name = Release;
		};
		9EF33B111E0BF1BB004864C1 /* Debug */ = {
			isa = XCBuildConfiguration;
			buildSettings = {
				ASSETCATALOG_COMPILER_APPICON_NAME = AppIcon;
				INFOPLIST_FILE = Matala3/Info.plist;
				LD_RUNPATH_SEARCH_PATHS = "$(inherited) @executable_path/Frameworks";
				PRODUCT_BUNDLE_IDENTIFIER = com.liranDemo.Matala3;
				PRODUCT_NAME = "$(TARGET_NAME)";
				SWIFT_VERSION = 3.0;
			};
			name = Debug;
		};
		9EF33B121E0BF1BB004864C1 /* Release */ = {
			isa = XCBuildConfiguration;
			buildSettings = {
				ASSETCATALOG_COMPILER_APPICON_NAME = AppIcon;
				INFOPLIST_FILE = Matala3/Info.plist;
				LD_RUNPATH_SEARCH_PATHS = "$(inherited) @executable_path/Frameworks";
				PRODUCT_BUNDLE_IDENTIFIER = com.liranDemo.Matala3;
				PRODUCT_NAME = "$(TARGET_NAME)";
				SWIFT_VERSION = 3.0;
			};
			name = Release;
		};
		9EF33B141E0BF1BB004864C1 /* Debug */ = {
			isa = XCBuildConfiguration;
			buildSettings = {
				ALWAYS_EMBED_SWIFT_STANDARD_LIBRARIES = YES;
				BUNDLE_LOADER = "$(TEST_HOST)";
				INFOPLIST_FILE = Matala3Tests/Info.plist;
				LD_RUNPATH_SEARCH_PATHS = "$(inherited) @executable_path/Frameworks @loader_path/Frameworks";
				PRODUCT_BUNDLE_IDENTIFIER = com.liranDemo.Matala3Tests;
				PRODUCT_NAME = "$(TARGET_NAME)";
				SWIFT_VERSION = 3.0;
				TEST_HOST = "$(BUILT_PRODUCTS_DIR)/Matala3.app/Matala3";
			};
			name = Debug;
		};
		9EF33B151E0BF1BB004864C1 /* Release */ = {
			isa = XCBuildConfiguration;
			buildSettings = {
				ALWAYS_EMBED_SWIFT_STANDARD_LIBRARIES = YES;
				BUNDLE_LOADER = "$(TEST_HOST)";
				INFOPLIST_FILE = Matala3Tests/Info.plist;
				LD_RUNPATH_SEARCH_PATHS = "$(inherited) @executable_path/Frameworks @loader_path/Frameworks";
				PRODUCT_BUNDLE_IDENTIFIER = com.liranDemo.Matala3Tests;
				PRODUCT_NAME = "$(TARGET_NAME)";
				SWIFT_VERSION = 3.0;
				TEST_HOST = "$(BUILT_PRODUCTS_DIR)/Matala3.app/Matala3";
			};
			name = Release;
		};
/* End XCBuildConfiguration section */

/* Begin XCConfigurationList section */
		9EF33AEE1E0BF1BB004864C1 /* Build configuration list for PBXProject "Matala3" */ = {
			isa = XCConfigurationList;
			buildConfigurations = (
				9EF33B0E1E0BF1BB004864C1 /* Debug */,
				9EF33B0F1E0BF1BB004864C1 /* Release */,
			);
			defaultConfigurationIsVisible = 0;
			defaultConfigurationName = Release;
		};
		9EF33B101E0BF1BB004864C1 /* Build configuration list for PBXNativeTarget "Matala3" */ = {
			isa = XCConfigurationList;
			buildConfigurations = (
				9EF33B111E0BF1BB004864C1 /* Debug */,
				9EF33B121E0BF1BB004864C1 /* Release */,
			);
			defaultConfigurationIsVisible = 0;
		};
		9EF33B131E0BF1BB004864C1 /* Build configuration list for PBXNativeTarget "Matala3Tests" */ = {
			isa = XCConfigurationList;
			buildConfigurations = (
				9EF33B141E0BF1BB004864C1 /* Debug */,
				9EF33B151E0BF1BB004864C1 /* Release */,
			);
			defaultConfigurationIsVisible = 0;
		};
/* End XCConfigurationList section */
	};
	rootObject = 9EF33AEB1E0BF1BB004864C1 /* Project object */;
}
